
Microsoft Visual Studio Solution File, Format Version 12.00
# Visual Studio Version 17
VisualStudioVersion = 17.4.33213.308
MinimumVisualStudioVersion = 10.0.40219.1
Project("{FAE04EC0-301F-11D3-BF4B-00C04F79EFBC}") = "ExerFotos", "ExerFotos\ExerFotos.csproj", "{92954200-73D5-46EC-8C4F-2E6BFF7AFA91}"
EndProject
Global
	GlobalSection(SolutionConfigurationPlatforms) = preSolution
		Debug|Any CPU = Debug|Any CPU
		Release|Any CPU = Release|Any CPU
	EndGlobalSection
	GlobalSection(ProjectConfigurationPlatforms) = postSolution
		{92954200-73D5-46EC-8C4F-2E6BFF7AFA91}.Debug|Any CPU.ActiveCfg = Debug|Any CPU
		{92954200-73D5-46EC-8C4F-2E6BFF7AFA91}.Debug|Any CPU.Build.0 = Debug|Any CPU
		{92954200-73D5-46EC-8C4F-2E6BFF7AFA91}.Release|Any CPU.ActiveCfg = Release|Any CPU
		{92954200-73D5-46EC-8C4F-2E6BFF7AFA91}.Release|Any CPU.Build.0 = Release|Any CPU
	EndGlobalSection
	GlobalSection(SolutionProperties) = preSolution
		HideSolutionNode = FALSE
	EndGlobalSection
	GlobalSection(ExtensibilityGlobals) = postSolution
		SolutionGuid = {12428231-953B-40F4-82B6-581776A24AED}
	EndGlobalSection
EndGlobal
